
Microsoft Visual Studio Solution File, Format Version 12.00
# Visual Studio Version 16
VisualStudioVersion = 16.0.32510.428
MinimumVisualStudioVersion = 10.0.40219.1
Project("{FAE04EC0-301F-11D3-BF4B-00C04F79EFBC}") = "CaseStudy3", "CaseStudy3\CaseStudy3.csproj", "{4837DCC5-7353-4A96-8D74-F8388935DF78}"
EndProject
Project("{FAE04EC0-301F-11D3-BF4B-00C04F79EFBC}") = "CaseStudy3.Tests", "CaseStudy3.Tests\CaseStudy3.Tests.csproj", "{8690FBCD-6166-4953-A3C5-EECF7DA658D5}"
EndProject
Project("{FAE04EC0-301F-11D3-BF4B-00C04F79EFBC}") = "SchoolModuleUnitTest", "SchoolModuleUnitTest\SchoolModuleUnitTest.csproj", "{6053402A-9231-483A-8A5E-1F355404DDBF}"
EndProject
Global
	GlobalSection(SolutionConfigurationPlatforms) = preSolution
		Debug|Any CPU = Debug|Any CPU
		Release|Any CPU = Release|Any CPU
	EndGlobalSection
	GlobalSection(ProjectConfigurationPlatforms) = postSolution
		{4837DCC5-7353-4A96-8D74-F8388935DF78}.Debug|Any CPU.ActiveCfg = Debug|Any CPU
		{4837DCC5-7353-4A96-8D74-F8388935DF78}.Debug|Any CPU.Build.0 = Debug|Any CPU
		{4837DCC5-7353-4A96-8D74-F8388935DF78}.Release|Any CPU.ActiveCfg = Release|Any CPU
		{4837DCC5-7353-4A96-8D74-F8388935DF78}.Release|Any CPU.Build.0 = Release|Any CPU
		{8690FBCD-6166-4953-A3C5-EECF7DA658D5}.Debug|Any CPU.ActiveCfg = Debug|Any CPU
		{8690FBCD-6166-4953-A3C5-EECF7DA658D5}.Debug|Any CPU.Build.0 = Debug|Any CPU
		{8690FBCD-6166-4953-A3C5-EECF7DA658D5}.Release|Any CPU.ActiveCfg = Release|Any CPU
		{8690FBCD-6166-4953-A3C5-EECF7DA658D5}.Release|Any CPU.Build.0 = Release|Any CPU
		{6053402A-9231-483A-8A5E-1F355404DDBF}.Debug|Any CPU.ActiveCfg = Debug|Any CPU
		{6053402A-9231-483A-8A5E-1F355404DDBF}.Debug|Any CPU.Build.0 = Debug|Any CPU
		{6053402A-9231-483A-8A5E-1F355404DDBF}.Release|Any CPU.ActiveCfg = Release|Any CPU
		{6053402A-9231-483A-8A5E-1F355404DDBF}.Release|Any CPU.Build.0 = Release|Any CPU
	EndGlobalSection
	GlobalSection(SolutionProperties) = preSolution
		HideSolutionNode = FALSE
	EndGlobalSection
	GlobalSection(ExtensibilityGlobals) = postSolution
		SolutionGuid = {09E86555-F094-4CD6-A487-9E043AB8B45F}
	EndGlobalSection
EndGlobal
